
Microsoft Visual Studio Solution File, Format Version 12.00
# Visual Studio Version 17
VisualStudioVersion = 17.13.35931.197 d17.13
MinimumVisualStudioVersion = 10.0.40219.1
Project("{FAE04EC0-301F-11D3-BF4B-00C04F79EFBC}") = "S2.2", "S2.2\S2.2.csproj", "{70EC41F0-61D4-4426-BF06-A0BC73497822}"
EndProject
Global
	GlobalSection(SolutionConfigurationPlatforms) = preSolution
		Debug|Any CPU = Debug|Any CPU
		Release|Any CPU = Release|Any CPU
	EndGlobalSection
	GlobalSection(ProjectConfigurationPlatforms) = postSolution
		{70EC41F0-61D4-4426-BF06-A0BC73497822}.Debug|Any CPU.ActiveCfg = Debug|Any CPU
		{70EC41F0-61D4-4426-BF06-A0BC73497822}.Debug|Any CPU.Build.0 = Debug|Any CPU
		{70EC41F0-61D4-4426-BF06-A0BC73497822}.Release|Any CPU.ActiveCfg = Release|Any CPU
		{70EC41F0-61D4-4426-BF06-A0BC73497822}.Release|Any CPU.Build.0 = Release|Any CPU
	EndGlobalSection
	GlobalSection(SolutionProperties) = preSolution
		HideSolutionNode = FALSE
	EndGlobalSection
	GlobalSection(ExtensibilityGlobals) = postSolution
		SolutionGuid = {0CE1224A-72C7-46E1-A917-BFD0C26189E4}
	EndGlobalSection
EndGlobal
